
Microsoft Visual Studio Solution File, Format Version 12.00
# Visual Studio Version 17
VisualStudioVersion = 17.8.34330.188
MinimumVisualStudioVersion = 10.0.40219.1
Project("{FAE04EC0-301F-11D3-BF4B-00C04F79EFBC}") = "Dashboard.Server", "Dashboard.Server\Dashboard.Server.csproj", "{7157FF44-E37A-4ADC-A156-FB9EF4C3EB29}"
EndProject
Project("{54A90642-561A-4BB1-A94E-469ADEE60C69}") = "dashboard.client", "dashboard.client\dashboard.client.esproj", "{C7A653B0-1941-4134-9D3D-92F83681BCF7}"
EndProject
Global
	GlobalSection(SolutionConfigurationPlatforms) = preSolution
		Debug|Any CPU = Debug|Any CPU
		Release|Any CPU = Release|Any CPU
	EndGlobalSection
	GlobalSection(ProjectConfigurationPlatforms) = postSolution
		{7157FF44-E37A-4ADC-A156-FB9EF4C3EB29}.Debug|Any CPU.ActiveCfg = Debug|Any CPU
		{7157FF44-E37A-4ADC-A156-FB9EF4C3EB29}.Debug|Any CPU.Build.0 = Debug|Any CPU
		{7157FF44-E37A-4ADC-A156-FB9EF4C3EB29}.Release|Any CPU.ActiveCfg = Release|Any CPU
		{7157FF44-E37A-4ADC-A156-FB9EF4C3EB29}.Release|Any CPU.Build.0 = Release|Any CPU
		{C7A653B0-1941-4134-9D3D-92F83681BCF7}.Debug|Any CPU.ActiveCfg = Debug|Any CPU
		{C7A653B0-1941-4134-9D3D-92F83681BCF7}.Debug|Any CPU.Build.0 = Debug|Any CPU
		{C7A653B0-1941-4134-9D3D-92F83681BCF7}.Debug|Any CPU.Deploy.0 = Debug|Any CPU
		{C7A653B0-1941-4134-9D3D-92F83681BCF7}.Release|Any CPU.ActiveCfg = Release|Any CPU
		{C7A653B0-1941-4134-9D3D-92F83681BCF7}.Release|Any CPU.Build.0 = Release|Any CPU
		{C7A653B0-1941-4134-9D3D-92F83681BCF7}.Release|Any CPU.Deploy.0 = Release|Any CPU
	EndGlobalSection
	GlobalSection(SolutionProperties) = preSolution
		HideSolutionNode = FALSE
	EndGlobalSection
	GlobalSection(ExtensibilityGlobals) = postSolution
		SolutionGuid = {EA1C4018-9836-4208-A240-3ED109A796A2}
	EndGlobalSection
EndGlobal
